
Microsoft Visual Studio Solution File, Format Version 12.00
# Visual Studio Version 17
VisualStudioVersion = 17.11.35208.52
MinimumVisualStudioVersion = 10.0.40219.1
Project("{FAE04EC0-301F-11D3-BF4B-00C04F79EFBC}") = "harita", "harita\harita.csproj", "{753AFB7D-DC88-4F78-BAA7-BA3E6F9B479E}"
EndProject
Global
	GlobalSection(SolutionConfigurationPlatforms) = preSolution
		Debug|Any CPU = Debug|Any CPU
		Release|Any CPU = Release|Any CPU
	EndGlobalSection
	GlobalSection(ProjectConfigurationPlatforms) = postSolution
		{753AFB7D-DC88-4F78-BAA7-BA3E6F9B479E}.Debug|Any CPU.ActiveCfg = Debug|Any CPU
		{753AFB7D-DC88-4F78-BAA7-BA3E6F9B479E}.Debug|Any CPU.Build.0 = Debug|Any CPU
		{753AFB7D-DC88-4F78-BAA7-BA3E6F9B479E}.Release|Any CPU.ActiveCfg = Release|Any CPU
		{753AFB7D-DC88-4F78-BAA7-BA3E6F9B479E}.Release|Any CPU.Build.0 = Release|Any CPU
	EndGlobalSection
	GlobalSection(SolutionProperties) = preSolution
		HideSolutionNode = FALSE
	EndGlobalSection
	GlobalSection(ExtensibilityGlobals) = postSolution
		SolutionGuid = {B0339D3A-356C-4650-B449-C1F6D7C35423}
	EndGlobalSection
EndGlobal
